// !$*UTF8*$!
{
	archiveVersion = 1;
	classes = {
	};
	objectVersion = 46;
	objects = {

/* Begin PBXBuildFile section */
		1D889C608B08541F663CF7C4 /* Pods_Twitter.framework in Frameworks */ = {isa = PBXBuildFile; fileRef = BD1C63019D2EA672B1B9CED2 /* Pods_Twitter.framework */; };
		211459BF0EE66E5B64DDC726 /* Pods_TwitterUITests.framework in Frameworks */ = {isa = PBXBuildFile; fileRef = A82D160A4FA9661314595EFF /* Pods_TwitterUITests.framework */; };
		61C2A0C71E6B5C2E00A92E62 /* AppDelegate.swift in Sources */ = {isa = PBXBuildFile; fileRef = 61C2A0C61E6B5C2E00A92E62 /* AppDelegate.swift */; };
		61C2A0C91E6B5C2E00A92E62 /* ViewController.swift in Sources */ = {isa = PBXBuildFile; fileRef = 61C2A0C81E6B5C2E00A92E62 /* ViewController.swift */; };
		61C2A0CC1E6B5C2E00A92E62 /* Main.storyboard in Resources */ = {isa = PBXBuildFile; fileRef = 61C2A0CA1E6B5C2E00A92E62 /* Main.storyboard */; };
		61C2A0CE1E6B5C2E00A92E62 /* Assets.xcassets in Resources */ = {isa = PBXBuildFile; fileRef = 61C2A0CD1E6B5C2E00A92E62 /* Assets.xcassets */; };
		61C2A0D11E6B5C2E00A92E62 /* LaunchScreen.storyboard in Resources */ = {isa = PBXBuildFile; fileRef = 61C2A0CF1E6B5C2E00A92E62 /* LaunchScreen.storyboard */; };
		61C2A0DC1E6B5C2E00A92E62 /* TwitterTests.swift in Sources */ = {isa = PBXBuildFile; fileRef = 61C2A0DB1E6B5C2E00A92E62 /* TwitterTests.swift */; };
		61C2A0E71E6B5C2E00A92E62 /* TwitterUITests.swift in Sources */ = {isa = PBXBuildFile; fileRef = 61C2A0E61E6B5C2E00A92E62 /* TwitterUITests.swift */; };
		61C2A0F81E6B60C500A92E62 /* LoginViewController.swift in Sources */ = {isa = PBXBuildFile; fileRef = 61C2A0F71E6B60C500A92E62 /* LoginViewController.swift */; };
		61C2A0FA1E6BAAA900A92E62 /* User.swift in Sources */ = {isa = PBXBuildFile; fileRef = 61C2A0F91E6BAAA900A92E62 /* User.swift */; };
		61C2A0FC1E6BAABD00A92E62 /* Tweet.swift in Sources */ = {isa = PBXBuildFile; fileRef = 61C2A0FB1E6BAABD00A92E62 /* Tweet.swift */; };
		A557536EF6653C26408CC2E9 /* Pods_TwitterTests.framework in Frameworks */ = {isa = PBXBuildFile; fileRef = FEC2D894872A008282A60625 /* Pods_TwitterTests.framework */; };
/* End PBXBuildFile section */

/* Begin PBXContainerItemProxy section */
		61C2A0D81E6B5C2E00A92E62 /* PBXContainerItemProxy */ = {
			isa = PBXContainerItemProxy;
			containerPortal = 61C2A0BB1E6B5C2E00A92E62 /* Project object */;
			proxyType = 1;
			remoteGlobalIDString = 61C2A0C21E6B5C2E00A92E62;
			remoteInfo = Twitter;
		};
		61C2A0E31E6B5C2E00A92E62 /* PBXContainerItemProxy */ = {
			isa = PBXContainerItemProxy;
			containerPortal = 61C2A0BB1E6B5C2E00A92E62 /* Project object */;
			proxyType = 1;
			remoteGlobalIDString = 61C2A0C21E6B5C2E00A92E62;
			remoteInfo = Twitter;
		};
/* End PBXContainerItemProxy section */

/* Begin PBXFileReference section */
		0B013171863C0D8439F20FD9 /* Pods-Twitter.debug.xcconfig */ = {isa = PBXFileReference; includeInIndex = 1; lastKnownFileType = text.xcconfig; name = "Pods-Twitter.debug.xcconfig"; path = "Pods/Target Support Files/Pods-Twitter/Pods-Twitter.debug.xcconfig"; sourceTree = "<group>"; };
		0B9EDE48303C072522D3A746 /* Pods-TwitterUITests.debug.xcconfig */ = {isa = PBXFileReference; includeInIndex = 1; lastKnownFileType = text.xcconfig; name = "Pods-TwitterUITests.debug.xcconfig"; path = "Pods/Target Support Files/Pods-TwitterUITests/Pods-TwitterUITests.debug.xcconfig"; sourceTree = "<group>"; };
		0C26E8CADE84F6BE21025A8F /* Pods-TwitterTests.debug.xcconfig */ = {isa = PBXFileReference; includeInIndex = 1; lastKnownFileType = text.xcconfig; name = "Pods-TwitterTests.debug.xcconfig"; path = "Pods/Target Support Files/Pods-TwitterTests/Pods-TwitterTests.debug.xcconfig"; sourceTree = "<group>"; };
		4C49CE3DD5C77AAD8F5B5773 /* Pods-TwitterTests.release.xcconfig */ = {isa = PBXFileReference; includeInIndex = 1; lastKnownFileType = text.xcconfig; name = "Pods-TwitterTests.release.xcconfig"; path = "Pods/Target Support Files/Pods-TwitterTests/Pods-TwitterTests.release.xcconfig"; sourceTree = "<group>"; };
		61C2A0C31E6B5C2E00A92E62 /* Twitter.app */ = {isa = PBXFileReference; explicitFileType = wrapper.application; includeInIndex = 0; path = Twitter.app; sourceTree = BUILT_PRODUCTS_DIR; };
		61C2A0C61E6B5C2E00A92E62 /* AppDelegate.swift */ = {isa = PBXFileReference; lastKnownFileType = sourcecode.swift; path = AppDelegate.swift; sourceTree = "<group>"; };
		61C2A0C81E6B5C2E00A92E62 /* ViewController.swift */ = {isa = PBXFileReference; lastKnownFileType = sourcecode.swift; path = ViewController.swift; sourceTree = "<group>"; };
		61C2A0CB1E6B5C2E00A92E62 /* Base */ = {isa = PBXFileReference; lastKnownFileType = file.storyboard; name = Base; path = Base.lproj/Main.storyboard; sourceTree = "<group>"; };
		61C2A0CD1E6B5C2E00A92E62 /* Assets.xcassets */ = {isa = PBXFileReference; lastKnownFileType = folder.assetcatalog; path = Assets.xcassets; sourceTree = "<group>"; };
		61C2A0D01E6B5C2E00A92E62 /* Base */ = {isa = PBXFileReference; lastKnownFileType = file.storyboard; name = Base; path = Base.lproj/LaunchScreen.storyboard; sourceTree = "<group>"; };
		61C2A0D21E6B5C2E00A92E62 /* Info.plist */ = {isa = PBXFileReference; lastKnownFileType = text.plist.xml; path = Info.plist; sourceTree = "<group>"; };
		61C2A0D71E6B5C2E00A92E62 /* TwitterTests.xctest */ = {isa = PBXFileReference; explicitFileType = wrapper.cfbundle; includeInIndex = 0; path = TwitterTests.xctest; sourceTree = BUILT_PRODUCTS_DIR; };
		61C2A0DB1E6B5C2E00A92E62 /* TwitterTests.swift */ = {isa = PBXFileReference; lastKnownFileType = sourcecode.swift; path = TwitterTests.swift; sourceTree = "<group>"; };
		61C2A0DD1E6B5C2E00A92E62 /* Info.plist */ = {isa = PBXFileReference; lastKnownFileType = text.plist.xml; path = Info.plist; sourceTree = "<group>"; };
		61C2A0E21E6B5C2E00A92E62 /* TwitterUITests.xctest */ = {isa = PBXFileReference; explicitFileType = wrapper.cfbundle; includeInIndex = 0; path = TwitterUITests.xctest; sourceTree = BUILT_PRODUCTS_DIR; };
		61C2A0E61E6B5C2E00A92E62 /* TwitterUITests.swift */ = {isa = PBXFileReference; lastKnownFileType = sourcecode.swift; path = TwitterUITests.swift; sourceTree = "<group>"; };
		61C2A0E81E6B5C2E00A92E62 /* Info.plist */ = {isa = PBXFileReference; lastKnownFileType = text.plist.xml; path = Info.plist; sourceTree = "<group>"; };
		61C2A0F71E6B60C500A92E62 /* LoginViewController.swift */ = {isa = PBXFileReference; fileEncoding = 4; lastKnownFileType = sourcecode.swift; path = LoginViewController.swift; sourceTree = "<group>"; };
		61C2A0F91E6BAAA900A92E62 /* User.swift */ = {isa = PBXFileReference; fileEncoding = 4; lastKnownFileType = sourcecode.swift; path = User.swift; sourceTree = "<group>"; };
		61C2A0FB1E6BAABD00A92E62 /* Tweet.swift */ = {isa = PBXFileReference; fileEncoding = 4; lastKnownFileType = sourcecode.swift; path = Tweet.swift; sourceTree = "<group>"; };
		7138EE4FDED262504ACB6CBE /* Pods-TwitterUITests.release.xcconfig */ = {isa = PBXFileReference; includeInIndex = 1; lastKnownFileType = text.xcconfig; name = "Pods-TwitterUITests.release.xcconfig"; path = "Pods/Target Support Files/Pods-TwitterUITests/Pods-TwitterUITests.release.xcconfig"; sourceTree = "<group>"; };
		A82D160A4FA9661314595EFF /* Pods_TwitterUITests.framework */ = {isa = PBXFileReference; explicitFileType = wrapper.framework; includeInIndex = 0; path = Pods_TwitterUITests.framework; sourceTree = BUILT_PRODUCTS_DIR; };
		BD1C63019D2EA672B1B9CED2 /* Pods_Twitter.framework */ = {isa = PBXFileReference; explicitFileType = wrapper.framework; includeInIndex = 0; path = Pods_Twitter.framework; sourceTree = BUILT_PRODUCTS_DIR; };
		F333A1EE88D6C9F8DE03BCBB /* Pods-Twitter.release.xcconfig */ = {isa = PBXFileReference; includeInIndex = 1; lastKnownFileType = text.xcconfig; name = "Pods-Twitter.release.xcconfig"; path = "Pods/Target Support Files/Pods-Twitter/Pods-Twitter.release.xcconfig"; sourceTree = "<group>"; };
		FEC2D894872A008282A60625 /* Pods_TwitterTests.framework */ = {isa = PBXFileReference; explicitFileType = wrapper.framework; includeInIndex = 0; path = Pods_TwitterTests.framework; sourceTree = BUILT_PRODUCTS_DIR; };
/* End PBXFileReference section */

/* Begin PBXFrameworksBuildPhase section */
		61C2A0C01E6B5C2E00A92E62 /* Frameworks */ = {
			isa = PBXFrameworksBuildPhase;
			buildActionMask = 2147483647;
			files = (
				1D889C608B08541F663CF7C4 /* Pods_Twitter.framework in Frameworks */,
			);
			runOnlyForDeploymentPostprocessing = 0;
		};
		61C2A0D41E6B5C2E00A92E62 /* Frameworks */ = {
			isa = PBXFrameworksBuildPhase;
			buildActionMask = 2147483647;
			files = (
				A557536EF6653C26408CC2E9 /* Pods_TwitterTests.framework in Frameworks */,
			);
			runOnlyForDeploymentPostprocessing = 0;
		};
		61C2A0DF1E6B5C2E00A92E62 /* Frameworks */ = {
			isa = PBXFrameworksBuildPhase;
			buildActionMask = 2147483647;
			files = (
				211459BF0EE66E5B64DDC726 /* Pods_TwitterUITests.framework in Frameworks */,
			);
			runOnlyForDeploymentPostprocessing = 0;
		};
/* End PBXFrameworksBuildPhase section */

/* Begin PBXGroup section */
		19081D86953D368B008E911D /* Pods */ = {
			isa = PBXGroup;
			children = (
				0B013171863C0D8439F20FD9 /* Pods-Twitter.debug.xcconfig */,
				F333A1EE88D6C9F8DE03BCBB /* Pods-Twitter.release.xcconfig */,
				0C26E8CADE84F6BE21025A8F /* Pods-TwitterTests.debug.xcconfig */,
				4C49CE3DD5C77AAD8F5B5773 /* Pods-TwitterTests.release.xcconfig */,
				0B9EDE48303C072522D3A746 /* Pods-TwitterUITests.debug.xcconfig */,
				7138EE4FDED262504ACB6CBE /* Pods-TwitterUITests.release.xcconfig */,
			);
			name = Pods;
			sourceTree = "<group>";
		};
		61C2A0BA1E6B5C2E00A92E62 = {
			isa = PBXGroup;
			children = (
				61C2A0C51E6B5C2E00A92E62 /* Twitter */,
				61C2A0DA1E6B5C2E00A92E62 /* TwitterTests */,
				61C2A0E51E6B5C2E00A92E62 /* TwitterUITests */,
				61C2A0C41E6B5C2E00A92E62 /* Products */,
				19081D86953D368B008E911D /* Pods */,
				72F10011C7BFD3C9D0244378 /* Frameworks */,
			);
			sourceTree = "<group>";
		};
		61C2A0C41E6B5C2E00A92E62 /* Products */ = {
			isa = PBXGroup;
			children = (
				61C2A0C31E6B5C2E00A92E62 /* Twitter.app */,
				61C2A0D71E6B5C2E00A92E62 /* TwitterTests.xctest */,
				61C2A0E21E6B5C2E00A92E62 /* TwitterUITests.xctest */,
			);
			name = Products;
			sourceTree = "<group>";
		};
		61C2A0C51E6B5C2E00A92E62 /* Twitter */ = {
			isa = PBXGroup;
			children = (
				61C2A0F61E6B60A500A92E62 /* Model */,
				61C2A0F51E6B609F00A92E62 /* API */,
				61C2A0F41E6B609600A92E62 /* View Controller */,
				61C2A0C61E6B5C2E00A92E62 /* AppDelegate.swift */,
				61C2A0C81E6B5C2E00A92E62 /* ViewController.swift */,
				61C2A0CA1E6B5C2E00A92E62 /* Main.storyboard */,
				61C2A0CD1E6B5C2E00A92E62 /* Assets.xcassets */,
				61C2A0CF1E6B5C2E00A92E62 /* LaunchScreen.storyboard */,
				61C2A0D21E6B5C2E00A92E62 /* Info.plist */,
			);
			path = Twitter;
			sourceTree = "<group>";
		};
		61C2A0DA1E6B5C2E00A92E62 /* TwitterTests */ = {
			isa = PBXGroup;
			children = (
				61C2A0DB1E6B5C2E00A92E62 /* TwitterTests.swift */,
				61C2A0DD1E6B5C2E00A92E62 /* Info.plist */,
			);
			path = TwitterTests;
			sourceTree = "<group>";
		};
		61C2A0E51E6B5C2E00A92E62 /* TwitterUITests */ = {
			isa = PBXGroup;
			children = (
				61C2A0E61E6B5C2E00A92E62 /* TwitterUITests.swift */,
				61C2A0E81E6B5C2E00A92E62 /* Info.plist */,
			);
			path = TwitterUITests;
			sourceTree = "<group>";
		};
		61C2A0F41E6B609600A92E62 /* View Controller */ = {
			isa = PBXGroup;
			children = (
				61C2A0F71E6B60C500A92E62 /* LoginViewController.swift */,
			);
			name = "View Controller";
			sourceTree = "<group>";
		};
		61C2A0F51E6B609F00A92E62 /* API */ = {
			isa = PBXGroup;
			children = (
			);
			name = API;
			sourceTree = "<group>";
		};
		61C2A0F61E6B60A500A92E62 /* Model */ = {
			isa = PBXGroup;
			children = (
				61C2A0F91E6BAAA900A92E62 /* User.swift */,
				61C2A0FB1E6BAABD00A92E62 /* Tweet.swift */,
			);
			name = Model;
			sourceTree = "<group>";
		};
		72F10011C7BFD3C9D0244378 /* Frameworks */ = {
			isa = PBXGroup;
			children = (
				BD1C63019D2EA672B1B9CED2 /* Pods_Twitter.framework */,
				FEC2D894872A008282A60625 /* Pods_TwitterTests.framework */,
				A82D160A4FA9661314595EFF /* Pods_TwitterUITests.framework */,
			);
			name = Frameworks;
			sourceTree = "<group>";
		};
/* End PBXGroup section */

/* Begin PBXNativeTarget section */
		61C2A0C21E6B5C2E00A92E62 /* Twitter */ = {
			isa = PBXNativeTarget;
			buildConfigurationList = 61C2A0EB1E6B5C2E00A92E62 /* Build configuration list for PBXNativeTarget "Twitter" */;
			buildPhases = (
				73049F48A9AAC7D093A0B1F5 /* [CP] Check Pods Manifest.lock */,
				61C2A0BF1E6B5C2E00A92E62 /* Sources */,
				61C2A0C01E6B5C2E00A92E62 /* Frameworks */,
				61C2A0C11E6B5C2E00A92E62 /* Resources */,
				234E306F63F3B0574A3E63AB /* [CP] Embed Pods Frameworks */,
				AC6D6BE73E1BD57B36951056 /* [CP] Copy Pods Resources */,
			);
			buildRules = (
			);
			dependencies = (
			);
			name = Twitter;
			productName = Twitter;
			productReference = 61C2A0C31E6B5C2E00A92E62 /* Twitter.app */;
			productType = "com.apple.product-type.application";
		};
		61C2A0D61E6B5C2E00A92E62 /* TwitterTests */ = {
			isa = PBXNativeTarget;
			buildConfigurationList = 61C2A0EE1E6B5C2E00A92E62 /* Build configuration list for PBXNativeTarget "TwitterTests" */;
			buildPhases = (
				01FA4090BCF2B733EE22FF58 /* [CP] Check Pods Manifest.lock */,
				61C2A0D31E6B5C2E00A92E62 /* Sources */,
				61C2A0D41E6B5C2E00A92E62 /* Frameworks */,
				61C2A0D51E6B5C2E00A92E62 /* Resources */,
				C3D1B4068E859EF66D715418 /* [CP] Embed Pods Frameworks */,
				573E03D7C93B9BA805AA6C76 /* [CP] Copy Pods Resources */,
			);
			buildRules = (
			);
			dependencies = (
				61C2A0D91E6B5C2E00A92E62 /* PBXTargetDependency */,
			);
			name = TwitterTests;
			productName = TwitterTests;
			productReference = 61C2A0D71E6B5C2E00A92E62 /* TwitterTests.xctest */;
			productType = "com.apple.product-type.bundle.unit-test";
		};
		61C2A0E11E6B5C2E00A92E62 /* TwitterUITests */ = {
			isa = PBXNativeTarget;
			buildConfigurationList = 61C2A0F11E6B5C2E00A92E62 /* Build configuration list for PBXNativeTarget "TwitterUITests" */;
			buildPhases = (
				5E89778395105D8FE194D651 /* [CP] Check Pods Manifest.lock */,
				61C2A0DE1E6B5C2E00A92E62 /* Sources */,
				61C2A0DF1E6B5C2E00A92E62 /* Frameworks */,
				61C2A0E01E6B5C2E00A92E62 /* Resources */,
				713676B37991E6542CE3BC80 /* [CP] Embed Pods Frameworks */,
				9EAE6BE15BA65ED7D70A1039 /* [CP] Copy Pods Resources */,
			);
			buildRules = (
			);
			dependencies = (
				61C2A0E41E6B5C2E00A92E62 /* PBXTargetDependency */,
			);
			name = TwitterUITests;
			productName = TwitterUITests;
			productReference = 61C2A0E21E6B5C2E00A92E62 /* TwitterUITests.xctest */;
			productType = "com.apple.product-type.bundle.ui-testing";
		};
/* End PBXNativeTarget section */

/* Begin PBXProject section */
		61C2A0BB1E6B5C2E00A92E62 /* Project object */ = {
			isa = PBXProject;
			attributes = {
				LastSwiftUpdateCheck = 0820;
				LastUpgradeCheck = 0820;
				ORGANIZATIONNAME = "Suraj Upreti";
				TargetAttributes = {
					61C2A0C21E6B5C2E00A92E62 = {
						CreatedOnToolsVersion = 8.2.1;
						ProvisioningStyle = Automatic;
					};
					61C2A0D61E6B5C2E00A92E62 = {
						CreatedOnToolsVersion = 8.2.1;
						ProvisioningStyle = Automatic;
						TestTargetID = 61C2A0C21E6B5C2E00A92E62;
					};
					61C2A0E11E6B5C2E00A92E62 = {
						CreatedOnToolsVersion = 8.2.1;
						ProvisioningStyle = Automatic;
						TestTargetID = 61C2A0C21E6B5C2E00A92E62;
					};
				};
			};
			buildConfigurationList = 61C2A0BE1E6B5C2E00A92E62 /* Build configuration list for PBXProject "Twitter" */;
			compatibilityVersion = "Xcode 3.2";
			developmentRegion = English;
			hasScannedForEncodings = 0;
			knownRegions = (
				en,
				Base,
			);
			mainGroup = 61C2A0BA1E6B5C2E00A92E62;
			productRefGroup = 61C2A0C41E6B5C2E00A92E62 /* Products */;
			projectDirPath = "";
			projectRoot = "";
			targets = (
				61C2A0C21E6B5C2E00A92E62 /* Twitter */,
				61C2A0D61E6B5C2E00A92E62 /* TwitterTests */,
				61C2A0E11E6B5C2E00A92E62 /* TwitterUITests */,
			);
		};
/* End PBXProject section */

/* Begin PBXResourcesBuildPhase section */
		61C2A0C11E6B5C2E00A92E62 /* Resources */ = {
			isa = PBXResourcesBuildPhase;
			buildActionMask = 2147483647;
			files = (
				61C2A0D11E6B5C2E00A92E62 /* LaunchScreen.storyboard in Resources */,
				61C2A0CE1E6B5C2E00A92E62 /* Assets.xcassets in Resources */,
				61C2A0CC1E6B5C2E00A92E62 /* Main.storyboard in Resources */,
			);
			runOnlyForDeploymentPostprocessing = 0;
		};
		61C2A0D51E6B5C2E00A92E62 /* Resources */ = {
			isa = PBXResourcesBuildPhase;
			buildActionMask = 2147483647;
			files = (
			);
			runOnlyForDeploymentPostprocessing = 0;
		};
		61C2A0E01E6B5C2E00A92E62 /* Resources */ = {
			isa = PBXResourcesBuildPhase;
			buildActionMask = 2147483647;
			files = (
			);
			runOnlyForDeploymentPostprocessing = 0;
		};
/* End PBXResourcesBuildPhase section */

/* Begin PBXShellScriptBuildPhase section */
		01FA4090BCF2B733EE22FF58 /* [CP] Check Pods Manifest.lock */ = {
			isa = PBXShellScriptBuildPhase;
			buildActionMask = 2147483647;
			files = (
			);
			inputPaths = (
			);
			name = "[CP] Check Pods Manifest.lock";
			outputPaths = (
			);
			runOnlyForDeploymentPostprocessing = 0;
			shellPath = /bin/sh;
			shellScript = "diff \"${PODS_ROOT}/../Podfile.lock\" \"${PODS_ROOT}/Manifest.lock\" > /dev/null\nif [ $? != 0 ] ; then\n    # print error to STDERR\n    echo \"error: The sandbox is not in sync with the Podfile.lock. Run 'pod install' or update your CocoaPods installation.\" >&2\n    exit 1\nfi\n";
			showEnvVarsInLog = 0;
		};
		234E306F63F3B0574A3E63AB /* [CP] Embed Pods Frameworks */ = {
			isa = PBXShellScriptBuildPhase;
			buildActionMask = 2147483647;
			files = (
			);
			inputPaths = (
			);
			name = "[CP] Embed Pods Frameworks";
			outputPaths = (
			);
			runOnlyForDeploymentPostprocessing = 0;
			shellPath = /bin/sh;
			shellScript = "\"${SRCROOT}/Pods/Target Support Files/Pods-Twitter/Pods-Twitter-frameworks.sh\"\n";
			showEnvVarsInLog = 0;
		};
		573E03D7C93B9BA805AA6C76 /* [CP] Copy Pods Resources */ = {
			isa = PBXShellScriptBuildPhase;
			buildActionMask = 2147483647;
			files = (
			);
			inputPaths = (
			);
			name = "[CP] Copy Pods Resources";
			outputPaths = (
			);
			runOnlyForDeploymentPostprocessing = 0;
			shellPath = /bin/sh;
			shellScript = "\"${SRCROOT}/Pods/Target Support Files/Pods-TwitterTests/Pods-TwitterTests-resources.sh\"\n";
			showEnvVarsInLog = 0;
		};
		5E89778395105D8FE194D651 /* [CP] Check Pods Manifest.lock */ = {
			isa = PBXShellScriptBuildPhase;
			buildActionMask = 2147483647;
			files = (
			);
			inputPaths = (
			);
			name = "[CP] Check Pods Manifest.lock";
			outputPaths = (
			);
			runOnlyForDeploymentPostprocessing = 0;
			shellPath = /bin/sh;
			shellScript = "diff \"${PODS_ROOT}/../Podfile.lock\" \"${PODS_ROOT}/Manifest.lock\" > /dev/null\nif [ $? != 0 ] ; then\n    # print error to STDERR\n    echo \"error: The sandbox is not in sync with the Podfile.lock. Run 'pod install' or update your CocoaPods installation.\" >&2\n    exit 1\nfi\n";
			showEnvVarsInLog = 0;
		};
		713676B37991E6542CE3BC80 /* [CP] Embed Pods Frameworks */ = {
			isa = PBXShellScriptBuildPhase;
			buildActionMask = 2147483647;
			files = (
			);
			inputPaths = (
			);
			name = "[CP] Embed Pods Frameworks";
			outputPaths = (
			);
			runOnlyForDeploymentPostprocessing = 0;
			shellPath = /bin/sh;
			shellScript = "\"${SRCROOT}/Pods/Target Support Files/Pods-TwitterUITests/Pods-TwitterUITests-frameworks.sh\"\n";
			showEnvVarsInLog = 0;
		};
		73049F48A9AAC7D093A0B1F5 /* [CP] Check Pods Manifest.lock */ = {
			isa = PBXShellScriptBuildPhase;
			buildActionMask = 2147483647;
			files = (
			);
			inputPaths = (
			);
			name = "[CP] Check Pods Manifest.lock";
			outputPaths = (
			);
			runOnlyForDeploymentPostprocessing = 0;
			shellPath = /bin/sh;
			shellScript = "diff \"${PODS_ROOT}/../Podfile.lock\" \"${PODS_ROOT}/Manifest.lock\" > /dev/null\nif [ $? != 0 ] ; then\n    # print error to STDERR\n    echo \"error: The sandbox is not in sync with the Podfile.lock. Run 'pod install' or update your CocoaPods installation.\" >&2\n    exit 1\nfi\n";
			showEnvVarsInLog = 0;
		};
		9EAE6BE15BA65ED7D70A1039 /* [CP] Copy Pods Resources */ = {
			isa = PBXShellScriptBuildPhase;
			buildActionMask = 2147483647;
			files = (
			);
			inputPaths = (
			);
			name = "[CP] Copy Pods Resources";
			outputPaths = (
			);
			runOnlyForDeploymentPostprocessing = 0;
			shellPath = /bin/sh;
			shellScript = "\"${SRCROOT}/Pods/Target Support Files/Pods-TwitterUITests/Pods-TwitterUITests-resources.sh\"\n";
			showEnvVarsInLog = 0;
		};
		AC6D6BE73E1BD57B36951056 /* [CP] Copy Pods Resources */ = {
			isa = PBXShellScriptBuildPhase;
			buildActionMask = 2147483647;
			files = (
			);
			inputPaths = (
			);
			name = "[CP] Copy Pods Resources";
			outputPaths = (
			);
			runOnlyForDeploymentPostprocessing = 0;
			shellPath = /bin/sh;
			shellScript = "\"${SRCROOT}/Pods/Target Support Files/Pods-Twitter/Pods-Twitter-resources.sh\"\n";
			showEnvVarsInLog = 0;
		};
		C3D1B4068E859EF66D715418 /* [CP] Embed Pods Frameworks */ = {
			isa = PBXShellScriptBuildPhase;
			buildActionMask = 2147483647;
			files = (
			);
			inputPaths = (
			);
			name = "[CP] Embed Pods Frameworks";
			outputPaths = (
			);
			runOnlyForDeploymentPostprocessing = 0;
			shellPath = /bin/sh;
			shellScript = "\"${SRCROOT}/Pods/Target Support Files/Pods-TwitterTests/Pods-TwitterTests-frameworks.sh\"\n";
			showEnvVarsInLog = 0;
		};
/* End PBXShellScriptBuildPhase section */

/* Begin PBXSourcesBuildPhase section */
		61C2A0BF1E6B5C2E00A92E62 /* Sources */ = {
			isa = PBXSourcesBuildPhase;
			buildActionMask = 2147483647;
			files = (
				61C2A0FA1E6BAAA900A92E62 /* User.swift in Sources */,
				61C2A0FC1E6BAABD00A92E62 /* Tweet.swift in Sources */,
				61C2A0F81E6B60C500A92E62 /* LoginViewController.swift in Sources */,
				61C2A0C91E6B5C2E00A92E62 /* ViewController.swift in Sources */,
				61C2A0C71E6B5C2E00A92E62 /* AppDelegate.swift in Sources */,
			);
			runOnlyForDeploymentPostprocessing = 0;
		};
		61C2A0D31E6B5C2E00A92E62 /* Sources */ = {
			isa = PBXSourcesBuildPhase;
			buildActionMask = 2147483647;
			files = (
				61C2A0DC1E6B5C2E00A92E62 /* TwitterTests.swift in Sources */,
			);
			runOnlyForDeploymentPostprocessing = 0;
		};
		61C2A0DE1E6B5C2E00A92E62 /* Sources */ = {
			isa = PBXSourcesBuildPhase;
			buildActionMask = 2147483647;
			files = (
				61C2A0E71E6B5C2E00A92E62 /* TwitterUITests.swift in Sources */,
			);
			runOnlyForDeploymentPostprocessing = 0;
		};
/* End PBXSourcesBuildPhase section */

/* Begin PBXTargetDependency section */
		61C2A0D91E6B5C2E00A92E62 /* PBXTargetDependency */ = {
			isa = PBXTargetDependency;
			target = 61C2A0C21E6B5C2E00A92E62 /* Twitter */;
			targetProxy = 61C2A0D81E6B5C2E00A92E62 /* PBXContainerItemProxy */;
		};
		61C2A0E41E6B5C2E00A92E62 /* PBXTargetDependency */ = {
			isa = PBXTargetDependency;
			target = 61C2A0C21E6B5C2E00A92E62 /* Twitter */;
			targetProxy = 61C2A0E31E6B5C2E00A92E62 /* PBXContainerItemProxy */;
		};
/* End PBXTargetDependency section */

/* Begin PBXVariantGroup section */
		61C2A0CA1E6B5C2E00A92E62 /* Main.storyboard */ = {
			isa = PBXVariantGroup;
			children = (
				61C2A0CB1E6B5C2E00A92E62 /* Base */,
			);
			name = Main.storyboard;
			sourceTree = "<group>";
		};
		61C2A0CF1E6B5C2E00A92E62 /* LaunchScreen.storyboard */ = {
			isa = PBXVariantGroup;
			children = (
				61C2A0D01E6B5C2E00A92E62 /* Base */,
			);
			name = LaunchScreen.storyboard;
			sourceTree = "<group>";
		};
/* End PBXVariantGroup section */

/* Begin XCBuildConfiguration section */
		61C2A0E91E6B5C2E00A92E62 /* Debug */ = {
			isa = XCBuildConfiguration;
			buildSettings = {
				ALWAYS_SEARCH_USER_PATHS = NO;
				CLANG_ANALYZER_NONNULL = YES;
				CLANG_CXX_LANGUAGE_STANDARD = "gnu++0x";
				CLANG_CXX_LIBRARY = "libc++";
				CLANG_ENABLE_MODULES = YES;
				CLANG_ENABLE_OBJC_ARC = YES;
				CLANG_WARN_BOOL_CONVERSION = YES;
				CLANG_WARN_CONSTANT_CONVERSION = YES;
				CLANG_WARN_DIRECT_OBJC_ISA_USAGE = YES_ERROR;
				CLANG_WARN_DOCUMENTATION_COMMENTS = YES;
				CLANG_WARN_EMPTY_BODY = YES;
				CLANG_WARN_ENUM_CONVERSION = YES;
				CLANG_WARN_INFINITE_RECURSION = YES;
				CLANG_WARN_INT_CONVERSION = YES;
				CLANG_WARN_OBJC_ROOT_CLASS = YES_ERROR;
				CLANG_WARN_SUSPICIOUS_MOVE = YES;
				CLANG_WARN_UNREACHABLE_CODE = YES;
				CLANG_WARN__DUPLICATE_METHOD_MATCH = YES;
				"CODE_SIGN_IDENTITY[sdk=iphoneos*]" = "iPhone Developer";
				COPY_PHASE_STRIP = NO;
				DEBUG_INFORMATION_FORMAT = dwarf;
				ENABLE_STRICT_OBJC_MSGSEND = YES;
				ENABLE_TESTABILITY = YES;
				GCC_C_LANGUAGE_STANDARD = gnu99;
				GCC_DYNAMIC_NO_PIC = NO;
				GCC_NO_COMMON_BLOCKS = YES;
				GCC_OPTIMIZATION_LEVEL = 0;
				GCC_PREPROCESSOR_DEFINITIONS = (
					"DEBUG=1",
					"$(inherited)",
				);
				GCC_WARN_64_TO_32_BIT_CONVERSION = YES;
				GCC_WARN_ABOUT_RETURN_TYPE = YES_ERROR;
				GCC_WARN_UNDECLARED_SELECTOR = YES;
				GCC_WARN_UNINITIALIZED_AUTOS = YES_AGGRESSIVE;
				GCC_WARN_UNUSED_FUNCTION = YES;
				GCC_WARN_UNUSED_VARIABLE = YES;
				IPHONEOS_DEPLOYMENT_TARGET = 10.2;
				MTL_ENABLE_DEBUG_INFO = YES;
				ONLY_ACTIVE_ARCH = YES;
				SDKROOT = iphoneos;
				SWIFT_ACTIVE_COMPILATION_CONDITIONS = DEBUG;
				SWIFT_OPTIMIZATION_LEVEL = "-Onone";
			};
			name = Debug;
		};
		61C2A0EA1E6B5C2E00A92E62 /* Release */ = {
			isa = XCBuildConfiguration;
			buildSettings = {
				ALWAYS_SEARCH_USER_PATHS = NO;
				CLANG_ANALYZER_NONNULL = YES;
				CLANG_CXX_LANGUAGE_STANDARD = "gnu++0x";
				CLANG_CXX_LIBRARY = "libc++";
				CLANG_ENABLE_MODULES = YES;
				CLANG_ENABLE_OBJC_ARC = YES;
				CLANG_WARN_BOOL_CONVERSION = YES;
				CLANG_WARN_CONSTANT_CONVERSION = YES;
				CLANG_WARN_DIRECT_OBJC_ISA_USAGE = YES_ERROR;
				CLANG_WARN_DOCUMENTATION_COMMENTS = YES;
				CLANG_WARN_EMPTY_BODY = YES;
				CLANG_WARN_ENUM_CONVERSION = YES;
				CLANG_WARN_INFINITE_RECURSION = YES;
				CLANG_WARN_INT_CONVERSION = YES;
				CLANG_WARN_OBJC_ROOT_CLASS = YES_ERROR;
				CLANG_WARN_SUSPICIOUS_MOVE = YES;
				CLANG_WARN_UNREACHABLE_CODE = YES;
				CLANG_WARN__DUPLICATE_METHOD_MATCH = YES;
				"CODE_SIGN_IDENTITY[sdk=iphoneos*]" = "iPhone Developer";
				COPY_PHASE_STRIP = NO;
				DEBUG_INFORMATION_FORMAT = "dwarf-with-dsym";
				ENABLE_NS_ASSERTIONS = NO;
				ENABLE_STRICT_OBJC_MSGSEND = YES;
				GCC_C_LANGUAGE_STANDARD = gnu99;
				GCC_NO_COMMON_BLOCKS = YES;
				GCC_WARN_64_TO_32_BIT_CONVERSION = YES;
				GCC_WARN_ABOUT_RETURN_TYPE = YES_ERROR;
				GCC_WARN_UNDECLARED_SELECTOR = YES;
				GCC_WARN_UNINITIALIZED_AUTOS = YES_AGGRESSIVE;
				GCC_WARN_UNUSED_FUNCTION = YES;
				GCC_WARN_UNUSED_VARIABLE = YES;
				IPHONEOS_DEPLOYMENT_TARGET = 10.2;
				MTL_ENABLE_DEBUG_INFO = NO;
				SDKROOT = iphoneos;
				SWIFT_OPTIMIZATION_LEVEL = "-Owholemodule";
				VALIDATE_PRODUCT = YES;
			};
			name = Release;
		};
		61C2A0EC1E6B5C2E00A92E62 /* Debug */ = {
			isa = XCBuildConfiguration;
			baseConfigurationReference = 0B013171863C0D8439F20FD9 /* Pods-Twitter.debug.xcconfig */;
			buildSettings = {
				ASSETCATALOG_COMPILER_APPICON_NAME = AppIcon;
				INFOPLIST_FILE = Twitter/Info.plist;
				LD_RUNPATH_SEARCH_PATHS = "$(inherited) @executable_path/Frameworks";
				PRODUCT_BUNDLE_IDENTIFIER = SU.Twitter;
				PRODUCT_NAME = "$(TARGET_NAME)";
				SWIFT_VERSION = 3.0;
			};
			name = Debug;
		};
		61C2A0ED1E6B5C2E00A92E62 /* Release */ = {
			isa = XCBuildConfiguration;
			baseConfigurationReference = F333A1EE88D6C9F8DE03BCBB /* Pods-Twitter.release.xcconfig */;
			buildSettings = {
				ASSETCATALOG_COMPILER_APPICON_NAME = AppIcon;
				INFOPLIST_FILE = Twitter/Info.plist;
				LD_RUNPATH_SEARCH_PATHS = "$(inherited) @executable_path/Frameworks";
				PRODUCT_BUNDLE_IDENTIFIER = SU.Twitter;
				PRODUCT_NAME = "$(TARGET_NAME)";
				SWIFT_VERSION = 3.0;
			};
			name = Release;
		};
		61C2A0EF1E6B5C2E00A92E62 /* Debug */ = {
			isa = XCBuildConfiguration;
			baseConfigurationReference = 0C26E8CADE84F6BE21025A8F /* Pods-TwitterTests.debug.xcconfig */;
			buildSettings = {
				ALWAYS_EMBED_SWIFT_STANDARD_LIBRARIES = YES;
				BUNDLE_LOADER = "$(TEST_HOST)";
				INFOPLIST_FILE = TwitterTests/Info.plist;
				LD_RUNPATH_SEARCH_PATHS = "$(inherited) @executable_path/Frameworks @loader_path/Frameworks";
				PRODUCT_BUNDLE_IDENTIFIER = SU.TwitterTests;
				PRODUCT_NAME = "$(TARGET_NAME)";
				SWIFT_VERSION = 3.0;
				TEST_HOST = "$(BUILT_PRODUCTS_DIR)/Twitter.app/Twitter";
			};
			name = Debug;
		};
		61C2A0F01E6B5C2E00A92E62 /* Release */ = {
			isa = XCBuildConfiguration;
			baseConfigurationReference = 4C49CE3DD5C77AAD8F5B5773 /* Pods-TwitterTests.release.xcconfig */;
			buildSettings = {
				ALWAYS_EMBED_SWIFT_STANDARD_LIBRARIES = YES;
				BUNDLE_LOADER = "$(TEST_HOST)";
				INFOPLIST_FILE = TwitterTests/Info.plist;
				LD_RUNPATH_SEARCH_PATHS = "$(inherited) @executable_path/Frameworks @loader_path/Frameworks";
				PRODUCT_BUNDLE_IDENTIFIER = SU.TwitterTests;
				PRODUCT_NAME = "$(TARGET_NAME)";
				SWIFT_VERSION = 3.0;
				TEST_HOST = "$(BUILT_PRODUCTS_DIR)/Twitter.app/Twitter";
			};
			name = Release;
		};
		61C2A0F21E6B5C2E00A92E62 /* Debug */ = {
			isa = XCBuildConfiguration;
			baseConfigurationReference = 0B9EDE48303C072522D3A746 /* Pods-TwitterUITests.debug.xcconfig */;
			buildSettings = {
				ALWAYS_EMBED_SWIFT_STANDARD_LIBRARIES = YES;
				INFOPLIST_FILE = TwitterUITests/Info.plist;
				LD_RUNPATH_SEARCH_PATHS = "$(inherited) @executable_path/Frameworks @loader_path/Frameworks";
				PRODUCT_BUNDLE_IDENTIFIER = SU.TwitterUITests;
				PRODUCT_NAME = "$(TARGET_NAME)";
				SWIFT_VERSION = 3.0;
				TEST_TARGET_NAME = Twitter;
			};
			name = Debug;
		};
		61C2A0F31E6B5C2E00A92E62 /* Release */ = {
			isa = XCBuildConfiguration;
			baseConfigurationReference = 7138EE4FDED262504ACB6CBE /* Pods-TwitterUITests.release.xcconfig */;
			buildSettings = {
				ALWAYS_EMBED_SWIFT_STANDARD_LIBRARIES = YES;
				INFOPLIST_FILE = TwitterUITests/Info.plist;
				LD_RUNPATH_SEARCH_PATHS = "$(inherited) @executable_path/Frameworks @loader_path/Frameworks";
				PRODUCT_BUNDLE_IDENTIFIER = SU.TwitterUITests;
				PRODUCT_NAME = "$(TARGET_NAME)";
				SWIFT_VERSION = 3.0;
				TEST_TARGET_NAME = Twitter;
			};
			name = Release;
		};
/* End XCBuildConfiguration section */

/* Begin XCConfigurationList section */
		61C2A0BE1E6B5C2E00A92E62 /* Build configuration list for PBXProject "Twitter" */ = {
			isa = XCConfigurationList;
			buildConfigurations = (
				61C2A0E91E6B5C2E00A92E62 /* Debug */,
				61C2A0EA1E6B5C2E00A92E62 /* Release */,
			);
			defaultConfigurationIsVisible = 0;
			defaultConfigurationName = Release;
		};
		61C2A0EB1E6B5C2E00A92E62 /* Build configuration list for PBXNativeTarget "Twitter" */ = {
			isa = XCConfigurationList;
			buildConfigurations = (
				61C2A0EC1E6B5C2E00A92E62 /* Debug */,
				61C2A0ED1E6B5C2E00A92E62 /* Release */,
			);
			defaultConfigurationIsVisible = 0;
			defaultConfigurationName = Release;
		};
		61C2A0EE1E6B5C2E00A92E62 /* Build configuration list for PBXNativeTarget "TwitterTests" */ = {
			isa = XCConfigurationList;
			buildConfigurations = (
				61C2A0EF1E6B5C2E00A92E62 /* Debug */,
				61C2A0F01E6B5C2E00A92E62 /* Release */,
			);
			defaultConfigurationIsVisible = 0;
			defaultConfigurationName = Release;
		};
		61C2A0F11E6B5C2E00A92E62 /* Build configuration list for PBXNativeTarget "TwitterUITests" */ = {
			isa = XCConfigurationList;
			buildConfigurations = (
				61C2A0F21E6B5C2E00A92E62 /* Debug */,
				61C2A0F31E6B5C2E00A92E62 /* Release */,
			);
			defaultConfigurationIsVisible = 0;
			defaultConfigurationName = Release;
		};
/* End XCConfigurationList section */
	};
	rootObject = 61C2A0BB1E6B5C2E00A92E62 /* Project object */;
}
